// !$*UTF8*$!
{
	archiveVersion = 1;
	classes = {
	};
	objectVersion = 46;
	objects = {

/* Begin PBXBuildFile section */
		26B841146FB3BB514754843A /* Pods_MovieViewer.framework in Frameworks */ = {isa = PBXBuildFile; fileRef = 6DA23FDD76A659AC2946547D /* Pods_MovieViewer.framework */; };
		C617B1821C584DB0008B9FB1 /* icons in Resources */ = {isa = PBXBuildFile; fileRef = C617B1801C5846F1008B9FB1 /* icons */; };
		C617B1861C597D9A008B9FB1 /* SearchViewController.swift in Sources */ = {isa = PBXBuildFile; fileRef = C617B1851C597D9A008B9FB1 /* SearchViewController.swift */; };
		C617B1881C59D52E008B9FB1 /* SpotlightViewController.swift in Sources */ = {isa = PBXBuildFile; fileRef = C617B1871C59D52E008B9FB1 /* SpotlightViewController.swift */; };
		C617B18A1C59D5A4008B9FB1 /* SpotlightCell.swift in Sources */ = {isa = PBXBuildFile; fileRef = C617B1891C59D5A4008B9FB1 /* SpotlightCell.swift */; };
		C617B18C1C5A99CB008B9FB1 /* MovieViewerTabBarController.swift in Sources */ = {isa = PBXBuildFile; fileRef = C617B18B1C5A99CB008B9FB1 /* MovieViewerTabBarController.swift */; };
		C617B1901C5AE1FF008B9FB1 /* CatalogViewController.swift in Sources */ = {isa = PBXBuildFile; fileRef = C617B18F1C5AE1FF008B9FB1 /* CatalogViewController.swift */; };
		C617B1921C5BE773008B9FB1 /* DetailViewController.swift in Sources */ = {isa = PBXBuildFile; fileRef = C617B1911C5BE773008B9FB1 /* DetailViewController.swift */; };
		C65D87131C65257400281DA0 /* TopRatedViewController.swift in Sources */ = {isa = PBXBuildFile; fileRef = C65D87121C65257400281DA0 /* TopRatedViewController.swift */; };
		C65D87151C65290600281DA0 /* TopRatedCell.swift in Sources */ = {isa = PBXBuildFile; fileRef = C65D87141C65290600281DA0 /* TopRatedCell.swift */; };
		C65D871F1C65791100281DA0 /* GenreMovieCell.swift in Sources */ = {isa = PBXBuildFile; fileRef = C65D871E1C65791100281DA0 /* GenreMovieCell.swift */; };
		C65D87211C657ECE00281DA0 /* GenreTableViewCell.swift in Sources */ = {isa = PBXBuildFile; fileRef = C65D87201C657ECE00281DA0 /* GenreTableViewCell.swift */; };
		C6A78CA01C512C2C007D3F19 /* AppDelegate.swift in Sources */ = {isa = PBXBuildFile; fileRef = C6A78C9F1C512C2C007D3F19 /* AppDelegate.swift */; };
		C6A78CA51C512C2C007D3F19 /* Main.storyboard in Resources */ = {isa = PBXBuildFile; fileRef = C6A78CA31C512C2C007D3F19 /* Main.storyboard */; };
		C6A78CA71C512C2C007D3F19 /* Assets.xcassets in Resources */ = {isa = PBXBuildFile; fileRef = C6A78CA61C512C2C007D3F19 /* Assets.xcassets */; };
		C6A78CAA1C512C2C007D3F19 /* LaunchScreen.storyboard in Resources */ = {isa = PBXBuildFile; fileRef = C6A78CA81C512C2C007D3F19 /* LaunchScreen.storyboard */; };
		C6A78CC21C512FDB007D3F19 /* MovieViewController.swift in Sources */ = {isa = PBXBuildFile; fileRef = C6A78CC11C512FDB007D3F19 /* MovieViewController.swift */; };
		C6A78CC51C52D912007D3F19 /* MovieCell.swift in Sources */ = {isa = PBXBuildFile; fileRef = C6A78CC41C52D912007D3F19 /* MovieCell.swift */; };
/* End PBXBuildFile section */

/* Begin PBXContainerItemProxy section */
		C6A78CB11C512C2C007D3F19 /* PBXContainerItemProxy */ = {
			isa = PBXContainerItemProxy;
			containerPortal = C6A78C941C512C2B007D3F19 /* Project object */;
			proxyType = 1;
			remoteGlobalIDString = C6A78C9B1C512C2C007D3F19;
			remoteInfo = MovieViewer;
		};
/* End PBXContainerItemProxy section */

/* Begin PBXFileReference section */
		102C6B49EF09F02F85FB7EBC /* Pods-MovieViewer.release.xcconfig */ = {isa = PBXFileReference; includeInIndex = 1; lastKnownFileType = text.xcconfig; name = "Pods-MovieViewer.release.xcconfig"; path = "Pods/Target Support Files/Pods-MovieViewer/Pods-MovieViewer.release.xcconfig"; sourceTree = "<group>"; };
		6DA23FDD76A659AC2946547D /* Pods_MovieViewer.framework */ = {isa = PBXFileReference; explicitFileType = wrapper.framework; includeInIndex = 0; path = Pods_MovieViewer.framework; sourceTree = BUILT_PRODUCTS_DIR; };
		C617B1801C5846F1008B9FB1 /* icons */ = {isa = PBXFileReference; lastKnownFileType = folder; path = icons; sourceTree = "<group>"; };
		C617B1851C597D9A008B9FB1 /* SearchViewController.swift */ = {isa = PBXFileReference; fileEncoding = 4; lastKnownFileType = sourcecode.swift; path = SearchViewController.swift; sourceTree = "<group>"; };
		C617B1871C59D52E008B9FB1 /* SpotlightViewController.swift */ = {isa = PBXFileReference; fileEncoding = 4; lastKnownFileType = sourcecode.swift; path = SpotlightViewController.swift; sourceTree = "<group>"; };
		C617B1891C59D5A4008B9FB1 /* SpotlightCell.swift */ = {isa = PBXFileReference; fileEncoding = 4; lastKnownFileType = sourcecode.swift; path = SpotlightCell.swift; sourceTree = "<group>"; };
		C617B18B1C5A99CB008B9FB1 /* MovieViewerTabBarController.swift */ = {isa = PBXFileReference; fileEncoding = 4; lastKnownFileType = sourcecode.swift; path = MovieViewerTabBarController.swift; sourceTree = "<group>"; };
		C617B18F1C5AE1FF008B9FB1 /* CatalogViewController.swift */ = {isa = PBXFileReference; fileEncoding = 4; lastKnownFileType = sourcecode.swift; path = CatalogViewController.swift; sourceTree = "<group>"; };
		C617B1911C5BE773008B9FB1 /* DetailViewController.swift */ = {isa = PBXFileReference; fileEncoding = 4; lastKnownFileType = sourcecode.swift; path = DetailViewController.swift; sourceTree = "<group>"; };
		C65D87121C65257400281DA0 /* TopRatedViewController.swift */ = {isa = PBXFileReference; fileEncoding = 4; lastKnownFileType = sourcecode.swift; path = TopRatedViewController.swift; sourceTree = "<group>"; };
		C65D87141C65290600281DA0 /* TopRatedCell.swift */ = {isa = PBXFileReference; fileEncoding = 4; lastKnownFileType = sourcecode.swift; path = TopRatedCell.swift; sourceTree = "<group>"; };
		C65D871E1C65791100281DA0 /* GenreMovieCell.swift */ = {isa = PBXFileReference; fileEncoding = 4; lastKnownFileType = sourcecode.swift; path = GenreMovieCell.swift; sourceTree = "<group>"; };
		C65D87201C657ECE00281DA0 /* GenreTableViewCell.swift */ = {isa = PBXFileReference; fileEncoding = 4; lastKnownFileType = sourcecode.swift; path = GenreTableViewCell.swift; sourceTree = "<group>"; };
		C6A78C9C1C512C2C007D3F19 /* MovieViewer.app */ = {isa = PBXFileReference; explicitFileType = wrapper.application; includeInIndex = 0; path = MovieViewer.app; sourceTree = BUILT_PRODUCTS_DIR; };
		C6A78C9F1C512C2C007D3F19 /* AppDelegate.swift */ = {isa = PBXFileReference; lastKnownFileType = sourcecode.swift; path = AppDelegate.swift; sourceTree = "<group>"; };
		C6A78CA41C512C2C007D3F19 /* Base */ = {isa = PBXFileReference; lastKnownFileType = file.storyboard; name = Base; path = Base.lproj/Main.storyboard; sourceTree = "<group>"; };
		C6A78CA61C512C2C007D3F19 /* Assets.xcassets */ = {isa = PBXFileReference; lastKnownFileType = folder.assetcatalog; path = Assets.xcassets; sourceTree = "<group>"; };
		C6A78CA91C512C2C007D3F19 /* Base */ = {isa = PBXFileReference; lastKnownFileType = file.storyboard; name = Base; path = Base.lproj/LaunchScreen.storyboard; sourceTree = "<group>"; };
		C6A78CAB1C512C2C007D3F19 /* Info.plist */ = {isa = PBXFileReference; lastKnownFileType = text.plist.xml; path = Info.plist; sourceTree = "<group>"; };
		C6A78CB01C512C2C007D3F19 /* MovieViewerUITests.xctest */ = {isa = PBXFileReference; explicitFileType = wrapper.cfbundle; includeInIndex = 0; path = MovieViewerUITests.xctest; sourceTree = BUILT_PRODUCTS_DIR; };
		C6A78CC11C512FDB007D3F19 /* MovieViewController.swift */ = {isa = PBXFileReference; fileEncoding = 4; lastKnownFileType = sourcecode.swift; path = MovieViewController.swift; sourceTree = "<group>"; };
		C6A78CC41C52D912007D3F19 /* MovieCell.swift */ = {isa = PBXFileReference; fileEncoding = 4; lastKnownFileType = sourcecode.swift; path = MovieCell.swift; sourceTree = "<group>"; };
		FB688EEFA8823F0900C8EEE7 /* Pods-MovieViewer.debug.xcconfig */ = {isa = PBXFileReference; includeInIndex = 1; lastKnownFileType = text.xcconfig; name = "Pods-MovieViewer.debug.xcconfig"; path = "Pods/Target Support Files/Pods-MovieViewer/Pods-MovieViewer.debug.xcconfig"; sourceTree = "<group>"; };
/* End PBXFileReference section */

/* Begin PBXFrameworksBuildPhase section */
		C6A78C991C512C2C007D3F19 /* Frameworks */ = {
			isa = PBXFrameworksBuildPhase;
			buildActionMask = 2147483647;
			files = (
				26B841146FB3BB514754843A /* Pods_MovieViewer.framework in Frameworks */,
			);
			runOnlyForDeploymentPostprocessing = 0;
		};
		C6A78CAD1C512C2C007D3F19 /* Frameworks */ = {
			isa = PBXFrameworksBuildPhase;
			buildActionMask = 2147483647;
			files = (
			);
			runOnlyForDeploymentPostprocessing = 0;
		};
/* End PBXFrameworksBuildPhase section */

/* Begin PBXGroup section */
		31CE773243CF1B9523604A9F /* Pods */ = {
			isa = PBXGroup;
			children = (
				FB688EEFA8823F0900C8EEE7 /* Pods-MovieViewer.debug.xcconfig */,
				102C6B49EF09F02F85FB7EBC /* Pods-MovieViewer.release.xcconfig */,
			);
			name = Pods;
			sourceTree = "<group>";
		};
		914F1B8A688D5B742C454C94 /* Frameworks */ = {
			isa = PBXGroup;
			children = (
				6DA23FDD76A659AC2946547D /* Pods_MovieViewer.framework */,
			);
			name = Frameworks;
			sourceTree = "<group>";
		};
		C6A78C931C512C2B007D3F19 = {
			isa = PBXGroup;
			children = (
				C6A78C9E1C512C2C007D3F19 /* MovieViewer */,
				C6A78C9D1C512C2C007D3F19 /* Products */,
				31CE773243CF1B9523604A9F /* Pods */,
				914F1B8A688D5B742C454C94 /* Frameworks */,
			);
			sourceTree = "<group>";
		};
		C6A78C9D1C512C2C007D3F19 /* Products */ = {
			isa = PBXGroup;
			children = (
				C6A78C9C1C512C2C007D3F19 /* MovieViewer.app */,
				C6A78CB01C512C2C007D3F19 /* MovieViewerUITests.xctest */,
			);
			name = Products;
			sourceTree = "<group>";
		};
		C6A78C9E1C512C2C007D3F19 /* MovieViewer */ = {
			isa = PBXGroup;
			children = (
				C617B1801C5846F1008B9FB1 /* icons */,
				C6A78CC61C52D940007D3F19 /* View Controllers */,
				C6A78CC31C52D8E8007D3F19 /* Views */,
				C6A78C9F1C512C2C007D3F19 /* AppDelegate.swift */,
				C6A78CA31C512C2C007D3F19 /* Main.storyboard */,
				C6A78CA61C512C2C007D3F19 /* Assets.xcassets */,
				C6A78CA81C512C2C007D3F19 /* LaunchScreen.storyboard */,
				C6A78CAB1C512C2C007D3F19 /* Info.plist */,
			);
			path = MovieViewer;
			sourceTree = "<group>";
		};
		C6A78CC31C52D8E8007D3F19 /* Views */ = {
			isa = PBXGroup;
			children = (
				C65D87201C657ECE00281DA0 /* GenreTableViewCell.swift */,
				C65D871E1C65791100281DA0 /* GenreMovieCell.swift */,
				C65D87141C65290600281DA0 /* TopRatedCell.swift */,
				C6A78CC41C52D912007D3F19 /* MovieCell.swift */,
				C617B1891C59D5A4008B9FB1 /* SpotlightCell.swift */,
			);
			name = Views;
			sourceTree = "<group>";
		};
		C6A78CC61C52D940007D3F19 /* View Controllers */ = {
			isa = PBXGroup;
			children = (
				C65D87121C65257400281DA0 /* TopRatedViewController.swift */,
				C6A78CC11C512FDB007D3F19 /* MovieViewController.swift */,
				C617B1851C597D9A008B9FB1 /* SearchViewController.swift */,
				C617B1871C59D52E008B9FB1 /* SpotlightViewController.swift */,
				C617B18B1C5A99CB008B9FB1 /* MovieViewerTabBarController.swift */,
				C617B18F1C5AE1FF008B9FB1 /* CatalogViewController.swift */,
				C617B1911C5BE773008B9FB1 /* DetailViewController.swift */,
			);
			name = "View Controllers";
			sourceTree = "<group>";
		};
/* End PBXGroup section */

/* Begin PBXNativeTarget section */
		C6A78C9B1C512C2C007D3F19 /* MovieViewer */ = {
			isa = PBXNativeTarget;
			buildConfigurationList = C6A78CB91C512C2C007D3F19 /* Build configuration list for PBXNativeTarget "MovieViewer" */;
			buildPhases = (
				44F63E11E3AD5F952F0B6922 /* Check Pods Manifest.lock */,
				C6A78C981C512C2C007D3F19 /* Sources */,
				C6A78C991C512C2C007D3F19 /* Frameworks */,
				C6A78C9A1C512C2C007D3F19 /* Resources */,
				DB37BBB36AE2F13B39EB1106 /* Embed Pods Frameworks */,
				AFF5BF66E4628E2A6F74E1F5 /* Copy Pods Resources */,
			);
			buildRules = (
			);
			dependencies = (
			);
			name = MovieViewer;
			productName = MovieViewer;
			productReference = C6A78C9C1C512C2C007D3F19 /* MovieViewer.app */;
			productType = "com.apple.product-type.application";
		};
		C6A78CAF1C512C2C007D3F19 /* MovieViewerUITests */ = {
			isa = PBXNativeTarget;
			buildConfigurationList = C6A78CBC1C512C2C007D3F19 /* Build configuration list for PBXNativeTarget "MovieViewerUITests" */;
			buildPhases = (
				C6A78CAC1C512C2C007D3F19 /* Sources */,
				C6A78CAD1C512C2C007D3F19 /* Frameworks */,
				C6A78CAE1C512C2C007D3F19 /* Resources */,
			);
			buildRules = (
			);
			dependencies = (
				C6A78CB21C512C2C007D3F19 /* PBXTargetDependency */,
			);
			name = MovieViewerUITests;
			productName = MovieViewerUITests;
			productReference = C6A78CB01C512C2C007D3F19 /* MovieViewerUITests.xctest */;
			productType = "com.apple.product-type.bundle.ui-testing";
		};
/* End PBXNativeTarget section */

/* Begin PBXProject section */
		C6A78C941C512C2B007D3F19 /* Project object */ = {
			isa = PBXProject;
			attributes = {
				LastSwiftUpdateCheck = 0720;
				LastUpgradeCheck = 0720;
				ORGANIZATIONNAME = "You Wu";
				TargetAttributes = {
					C6A78C9B1C512C2C007D3F19 = {
						CreatedOnToolsVersion = 7.2;
						DevelopmentTeam = 5H9S37TQFY;
					};
					C6A78CAF1C512C2C007D3F19 = {
						CreatedOnToolsVersion = 7.2;
						DevelopmentTeam = 5H9S37TQFY;
						TestTargetID = C6A78C9B1C512C2C007D3F19;
					};
				};
			};
			buildConfigurationList = C6A78C971C512C2B007D3F19 /* Build configuration list for PBXProject "MovieViewer" */;
			compatibilityVersion = "Xcode 3.2";
			developmentRegion = English;
			hasScannedForEncodings = 0;
			knownRegions = (
				en,
				Base,
			);
			mainGroup = C6A78C931C512C2B007D3F19;
			productRefGroup = C6A78C9D1C512C2C007D3F19 /* Products */;
			projectDirPath = "";
			projectRoot = "";
			targets = (
				C6A78C9B1C512C2C007D3F19 /* MovieViewer */,
				C6A78CAF1C512C2C007D3F19 /* MovieViewerUITests */,
			);
		};
/* End PBXProject section */

/* Begin PBXResourcesBuildPhase section */
		C6A78C9A1C512C2C007D3F19 /* Resources */ = {
			isa = PBXResourcesBuildPhase;
			buildActionMask = 2147483647;
			files = (
				C6A78CAA1C512C2C007D3F19 /* LaunchScreen.storyboard in Resources */,
				C617B1821C584DB0008B9FB1 /* icons in Resources */,
				C6A78CA71C512C2C007D3F19 /* Assets.xcassets in Resources */,
				C6A78CA51C512C2C007D3F19 /* Main.storyboard in Resources */,
			);
			runOnlyForDeploymentPostprocessing = 0;
		};
		C6A78CAE1C512C2C007D3F19 /* Resources */ = {
			isa = PBXResourcesBuildPhase;
			buildActionMask = 2147483647;
			files = (
			);
			runOnlyForDeploymentPostprocessing = 0;
		};
/* End PBXResourcesBuildPhase section */

/* Begin PBXShellScriptBuildPhase section */
		44F63E11E3AD5F952F0B6922 /* Check Pods Manifest.lock */ = {
			isa = PBXShellScriptBuildPhase;
			buildActionMask = 2147483647;
			files = (
			);
			inputPaths = (
			);
			name = "Check Pods Manifest.lock";
			outputPaths = (
			);
			runOnlyForDeploymentPostprocessing = 0;
			shellPath = /bin/sh;
			shellScript = "diff \"${PODS_ROOT}/../Podfile.lock\" \"${PODS_ROOT}/Manifest.lock\" > /dev/null\nif [[ $? != 0 ]] ; then\n    cat << EOM\nerror: The sandbox is not in sync with the Podfile.lock. Run 'pod install' or update your CocoaPods installation.\nEOM\n    exit 1\nfi\n";
			showEnvVarsInLog = 0;
		};
		AFF5BF66E4628E2A6F74E1F5 /* Copy Pods Resources */ = {
			isa = PBXShellScriptBuildPhase;
			buildActionMask = 2147483647;
			files = (
			);
			inputPaths = (
			);
			name = "Copy Pods Resources";
			outputPaths = (
			);
			runOnlyForDeploymentPostprocessing = 0;
			shellPath = /bin/sh;
			shellScript = "\"${SRCROOT}/Pods/Target Support Files/Pods-MovieViewer/Pods-MovieViewer-resources.sh\"\n";
			showEnvVarsInLog = 0;
		};
		DB37BBB36AE2F13B39EB1106 /* Embed Pods Frameworks */ = {
			isa = PBXShellScriptBuildPhase;
			buildActionMask = 2147483647;
			files = (
			);
			inputPaths = (
			);
			name = "Embed Pods Frameworks";
			outputPaths = (
			);
			runOnlyForDeploymentPostprocessing = 0;
			shellPath = /bin/sh;
			shellScript = "\"${SRCROOT}/Pods/Target Support Files/Pods-MovieViewer/Pods-MovieViewer-frameworks.sh\"\n";
			showEnvVarsInLog = 0;
		};
/* End PBXShellScriptBuildPhase section */

/* Begin PBXSourcesBuildPhase section */
		C6A78C981C512C2C007D3F19 /* Sources */ = {
			isa = PBXSourcesBuildPhase;
			buildActionMask = 2147483647;
			files = (
				C617B1921C5BE773008B9FB1 /* DetailViewController.swift in Sources */,
				C65D87151C65290600281DA0 /* TopRatedCell.swift in Sources */,
				C617B1901C5AE1FF008B9FB1 /* CatalogViewController.swift in Sources */,
				C65D871F1C65791100281DA0 /* GenreMovieCell.swift in Sources */,
				C6A78CA01C512C2C007D3F19 /* AppDelegate.swift in Sources */,
				C617B1881C59D52E008B9FB1 /* SpotlightViewController.swift in Sources */,
				C617B18C1C5A99CB008B9FB1 /* MovieViewerTabBarController.swift in Sources */,
				C617B18A1C59D5A4008B9FB1 /* SpotlightCell.swift in Sources */,
				C6A78CC21C512FDB007D3F19 /* MovieViewController.swift in Sources */,
				C617B1861C597D9A008B9FB1 /* SearchViewController.swift in Sources */,
				C65D87211C657ECE00281DA0 /* GenreTableViewCell.swift in Sources */,
				C6A78CC51C52D912007D3F19 /* MovieCell.swift in Sources */,
				C65D87131C65257400281DA0 /* TopRatedViewController.swift in Sources */,
			);
			runOnlyForDeploymentPostprocessing = 0;
		};
		C6A78CAC1C512C2C007D3F19 /* Sources */ = {
			isa = PBXSourcesBuildPhase;
			buildActionMask = 2147483647;
			files = (
			);
			runOnlyForDeploymentPostprocessing = 0;
		};
/* End PBXSourcesBuildPhase section */

/* Begin PBXTargetDependency section */
		C6A78CB21C512C2C007D3F19 /* PBXTargetDependency */ = {
			isa = PBXTargetDependency;
			target = C6A78C9B1C512C2C007D3F19 /* MovieViewer */;
			targetProxy = C6A78CB11C512C2C007D3F19 /* PBXContainerItemProxy */;
		};
/* End PBXTargetDependency section */

/* Begin PBXVariantGroup section */
		C6A78CA31C512C2C007D3F19 /* Main.storyboard */ = {
			isa = PBXVariantGroup;
			children = (
				C6A78CA41C512C2C007D3F19 /* Base */,
			);
			name = Main.storyboard;
			sourceTree = "<group>";
		};
		C6A78CA81C512C2C007D3F19 /* LaunchScreen.storyboard */ = {
			isa = PBXVariantGroup;
			children = (
				C6A78CA91C512C2C007D3F19 /* Base */,
			);
			name = LaunchScreen.storyboard;
			sourceTree = "<group>";
		};
/* End PBXVariantGroup section */

/* Begin XCBuildConfiguration section */
		C6A78CB71C512C2C007D3F19 /* Debug */ = {
			isa = XCBuildConfiguration;
			buildSettings = {
				ALWAYS_SEARCH_USER_PATHS = NO;
				CLANG_CXX_LANGUAGE_STANDARD = "gnu++0x";
				CLANG_CXX_LIBRARY = "libc++";
				CLANG_ENABLE_MODULES = YES;
				CLANG_ENABLE_OBJC_ARC = YES;
				CLANG_WARN_BOOL_CONVERSION = YES;
				CLANG_WARN_CONSTANT_CONVERSION = YES;
				CLANG_WARN_DIRECT_OBJC_ISA_USAGE = YES_ERROR;
				CLANG_WARN_EMPTY_BODY = YES;
				CLANG_WARN_ENUM_CONVERSION = YES;
				CLANG_WARN_INT_CONVERSION = YES;
				CLANG_WARN_OBJC_ROOT_CLASS = YES_ERROR;
				CLANG_WARN_UNREACHABLE_CODE = YES;
				CLANG_WARN__DUPLICATE_METHOD_MATCH = YES;
				"CODE_SIGN_IDENTITY[sdk=iphoneos*]" = "iPhone Developer";
				COPY_PHASE_STRIP = NO;
				DEBUG_INFORMATION_FORMAT = dwarf;
				ENABLE_STRICT_OBJC_MSGSEND = YES;
				ENABLE_TESTABILITY = YES;
				GCC_C_LANGUAGE_STANDARD = gnu99;
				GCC_DYNAMIC_NO_PIC = NO;
				GCC_NO_COMMON_BLOCKS = YES;
				GCC_OPTIMIZATION_LEVEL = 0;
				GCC_PREPROCESSOR_DEFINITIONS = (
					"DEBUG=1",
					"$(inherited)",
				);
				GCC_WARN_64_TO_32_BIT_CONVERSION = YES;
				GCC_WARN_ABOUT_RETURN_TYPE = YES_ERROR;
				GCC_WARN_UNDECLARED_SELECTOR = YES;
				GCC_WARN_UNINITIALIZED_AUTOS = YES_AGGRESSIVE;
				GCC_WARN_UNUSED_FUNCTION = YES;
				GCC_WARN_UNUSED_VARIABLE = YES;
				IPHONEOS_DEPLOYMENT_TARGET = 9.2;
				MTL_ENABLE_DEBUG_INFO = YES;
				ONLY_ACTIVE_ARCH = YES;
				SDKROOT = iphoneos;
				SWIFT_OPTIMIZATION_LEVEL = "-Onone";
			};
			name = Debug;
		};
		C6A78CB81C512C2C007D3F19 /* Release */ = {
			isa = XCBuildConfiguration;
			buildSettings = {
				ALWAYS_SEARCH_USER_PATHS = NO;
				CLANG_CXX_LANGUAGE_STANDARD = "gnu++0x";
				CLANG_CXX_LIBRARY = "libc++";
				CLANG_ENABLE_MODULES = YES;
				CLANG_ENABLE_OBJC_ARC = YES;
				CLANG_WARN_BOOL_CONVERSION = YES;
				CLANG_WARN_CONSTANT_CONVERSION = YES;
				CLANG_WARN_DIRECT_OBJC_ISA_USAGE = YES_ERROR;
				CLANG_WARN_EMPTY_BODY = YES;
				CLANG_WARN_ENUM_CONVERSION = YES;
				CLANG_WARN_INT_CONVERSION = YES;
				CLANG_WARN_OBJC_ROOT_CLASS = YES_ERROR;
				CLANG_WARN_UNREACHABLE_CODE = YES;
				CLANG_WARN__DUPLICATE_METHOD_MATCH = YES;
				"CODE_SIGN_IDENTITY[sdk=iphoneos*]" = "iPhone Developer";
				COPY_PHASE_STRIP = NO;
				DEBUG_INFORMATION_FORMAT = "dwarf-with-dsym";
				ENABLE_NS_ASSERTIONS = NO;
				ENABLE_STRICT_OBJC_MSGSEND = YES;
				GCC_C_LANGUAGE_STANDARD = gnu99;
				GCC_NO_COMMON_BLOCKS = YES;
				GCC_WARN_64_TO_32_BIT_CONVERSION = YES;
				GCC_WARN_ABOUT_RETURN_TYPE = YES_ERROR;
				GCC_WARN_UNDECLARED_SELECTOR = YES;
				GCC_WARN_UNINITIALIZED_AUTOS = YES_AGGRESSIVE;
				GCC_WARN_UNUSED_FUNCTION = YES;
				GCC_WARN_UNUSED_VARIABLE = YES;
				IPHONEOS_DEPLOYMENT_TARGET = 9.2;
				MTL_ENABLE_DEBUG_INFO = NO;
				SDKROOT = iphoneos;
				VALIDATE_PRODUCT = YES;
			};
			name = Release;
		};
		C6A78CBA1C512C2C007D3F19 /* Debug */ = {
			isa = XCBuildConfiguration;
			baseConfigurationReference = FB688EEFA8823F0900C8EEE7 /* Pods-MovieViewer.debug.xcconfig */;
			buildSettings = {
				ASSETCATALOG_COMPILER_APPICON_NAME = AppIcon;
				CODE_SIGN_IDENTITY = "iPhone Developer";
				INFOPLIST_FILE = MovieViewer/Info.plist;
				LD_RUNPATH_SEARCH_PATHS = "$(inherited) @executable_path/Frameworks";
				PRODUCT_BUNDLE_IDENTIFIER = com.MovieViewer;
				PRODUCT_NAME = "$(TARGET_NAME)";
			};
			name = Debug;
		};
		C6A78CBB1C512C2C007D3F19 /* Release */ = {
			isa = XCBuildConfiguration;
			baseConfigurationReference = 102C6B49EF09F02F85FB7EBC /* Pods-MovieViewer.release.xcconfig */;
			buildSettings = {
				ASSETCATALOG_COMPILER_APPICON_NAME = AppIcon;
				CODE_SIGN_IDENTITY = "iPhone Developer";
				INFOPLIST_FILE = MovieViewer/Info.plist;
				LD_RUNPATH_SEARCH_PATHS = "$(inherited) @executable_path/Frameworks";
				PRODUCT_BUNDLE_IDENTIFIER = com.MovieViewer;
				PRODUCT_NAME = "$(TARGET_NAME)";
			};
			name = Release;
		};
		C6A78CBD1C512C2C007D3F19 /* Debug */ = {
			isa = XCBuildConfiguration;
			buildSettings = {
				INFOPLIST_FILE = MovieViewerUITests/Info.plist;
				LD_RUNPATH_SEARCH_PATHS = "$(inherited) @executable_path/Frameworks @loader_path/Frameworks";
				PRODUCT_BUNDLE_IDENTIFIER = com.MovieViewerUITests;
				PRODUCT_NAME = "$(TARGET_NAME)";
				TEST_TARGET_NAME = MovieViewer;
				USES_XCTRUNNER = YES;
			};
			name = Debug;
		};
		C6A78CBE1C512C2C007D3F19 /* Release */ = {
			isa = XCBuildConfiguration;
			buildSettings = {
				INFOPLIST_FILE = MovieViewerUITests/Info.plist;
				LD_RUNPATH_SEARCH_PATHS = "$(inherited) @executable_path/Frameworks @loader_path/Frameworks";
				PRODUCT_BUNDLE_IDENTIFIER = com.MovieViewerUITests;
				PRODUCT_NAME = "$(TARGET_NAME)";
				TEST_TARGET_NAME = MovieViewer;
				USES_XCTRUNNER = YES;
			};
			name = Release;
		};
/* End XCBuildConfiguration section */

/* Begin XCConfigurationList section */
		C6A78C971C512C2B007D3F19 /* Build configuration list for PBXProject "MovieViewer" */ = {
			isa = XCConfigurationList;
			buildConfigurations = (
				C6A78CB71C512C2C007D3F19 /* Debug */,
				C6A78CB81C512C2C007D3F19 /* Release */,
			);
			defaultConfigurationIsVisible = 0;
			defaultConfigurationName = Release;
		};
		C6A78CB91C512C2C007D3F19 /* Build configuration list for PBXNativeTarget "MovieViewer" */ = {
			isa = XCConfigurationList;
			buildConfigurations = (
				C6A78CBA1C512C2C007D3F19 /* Debug */,
				C6A78CBB1C512C2C007D3F19 /* Release */,
			);
			defaultConfigurationIsVisible = 0;
			defaultConfigurationName = Release;
		};
		C6A78CBC1C512C2C007D3F19 /* Build configuration list for PBXNativeTarget "MovieViewerUITests" */ = {
			isa = XCConfigurationList;
			buildConfigurations = (
				C6A78CBD1C512C2C007D3F19 /* Debug */,
				C6A78CBE1C512C2C007D3F19 /* Release */,
			);
			defaultConfigurationIsVisible = 0;
			defaultConfigurationName = Release;
		};
/* End XCConfigurationList section */
	};
	rootObject = C6A78C941C512C2B007D3F19 /* Project object */;
}
